<?xml version="1.0" encoding="utf-8"?>
<Project ToolsVersion="4.0" xmlns="http://schemas.microsoft.com/developer/msbuild/2003">
  <ItemGroup>
    <Filter Include="Archivos de origen">
      <UniqueIdentifier>{4FC737F1-C7A5-4376-A066-2A32D752A2FF}</UniqueIdentifier>
      <Extensions>cpp;c;cc;cxx;c++;cppm;ixx;def;odl;idl;hpj;bat;asm;asmx</Extensions>
    </Filter>
    <Filter Include="Archivos de encabezado">
      <UniqueIdentifier>{93995380-89BD-4b04-88EB-625FBE52EBFB}</UniqueIdentifier>
      <Extensions>h;hh;hpp;hxx;h++;hm;inl;inc;ipp;xsd</Extensions>
    </Filter>
    <Filter Include="Archivos de recursos">
      <UniqueIdentifier>{67DA6AB6-F800-4c08-8B7A-83BB121AAD01}</UniqueIdentifier>
      <Extensions>rc;ico;cur;bmp;dlg;rc2;rct;bin;rgs;gif;jpg;jpeg;jpe;resx;tiff;tif;png;wav;mfcribbon-ms</Extensions>
    </Filter>
  </ItemGroup>
  <ItemGroup>
    <ClCompile Include="main.cpp">
      <Filter>Archivos de origen</Filter>
    </ClCompile>
    <ClCompile Include="booleanMod.cpp">
      <Filter>Archivos de origen</Filter>
    </ClCompile>
    <ClCompile Include="listaNumMod.cpp">
      <Filter>Archivos de origen</Filter>
    </ClCompile>
    <ClCompile Include="stringMod.cpp">
      <Filter>Archivos de origen</Filter>
    </ClCompile>
    <ClCompile Include="parsingMod.cpp">
      <Filter>Archivos de origen</Filter>
    </ClCompile>
    <ClCompile Include="listaComMod.cpp">
      <Filter>Archivos de origen</Filter>
    </ClCompile>
    <ClCompile Include="secMod.cpp">
      <Filter>Archivos de origen</Filter>
    </ClCompile>
    <ClCompile Include="abbMod.cpp">
      <Filter>Archivos de origen</Filter>
    </ClCompile>
    <ClCompile Include="archivoMod.cpp">
      <Filter>Archivos de origen</Filter>
    </ClCompile>
  </ItemGroup>
  <ItemGroup>
    <ClInclude Include="booleanMod.h">
      <Filter>Archivos de encabezado</Filter>
    </ClInclude>
    <ClInclude Include="listaNumMod.h">
      <Filter>Archivos de encabezado</Filter>
    </ClInclude>
    <ClInclude Include="stringMod.h">
      <Filter>Archivos de encabezado</Filter>
    </ClInclude>
    <ClInclude Include="parsingMod.h">
      <Filter>Archivos de encabezado</Filter>
    </ClInclude>
    <ClInclude Include="listaComMod.h">
      <Filter>Archivos de encabezado</Filter>
    </ClInclude>
    <ClInclude Include="secMod.h">
      <Filter>Archivos de encabezado</Filter>
    </ClInclude>
    <ClInclude Include="abbMod.h">
      <Filter>Archivos de encabezado</Filter>
    </ClInclude>
    <ClInclude Include="archivoMod.h">
      <Filter>Archivos de encabezado</Filter>
    </ClInclude>
  </ItemGroup>
</Project>